
Microsoft Visual Studio Solution File, Format Version 12.00
# Visual Studio Version 16
VisualStudioVersion = 16.0.29201.188
MinimumVisualStudioVersion = 10.0.40219.1
Project("{FAE04EC0-301F-11D3-BF4B-00C04F79EFBC}") = "20210920", "20210920\20210920.csproj", "{5E010CDB-6747-4F4D-8D29-BFD8DA41D1AF}"
EndProject
Global
	GlobalSection(SolutionConfigurationPlatforms) = preSolution
		Debug|Any CPU = Debug|Any CPU
		Release|Any CPU = Release|Any CPU
	EndGlobalSection
	GlobalSection(ProjectConfigurationPlatforms) = postSolution
		{5E010CDB-6747-4F4D-8D29-BFD8DA41D1AF}.Debug|Any CPU.ActiveCfg = Debug|Any CPU
		{5E010CDB-6747-4F4D-8D29-BFD8DA41D1AF}.Debug|Any CPU.Build.0 = Debug|Any CPU
		{5E010CDB-6747-4F4D-8D29-BFD8DA41D1AF}.Release|Any CPU.ActiveCfg = Release|Any CPU
		{5E010CDB-6747-4F4D-8D29-BFD8DA41D1AF}.Release|Any CPU.Build.0 = Release|Any CPU
	EndGlobalSection
	GlobalSection(SolutionProperties) = preSolution
		HideSolutionNode = FALSE
	EndGlobalSection
	GlobalSection(ExtensibilityGlobals) = postSolution
		SolutionGuid = {F1844D5E-8B2D-4A61-88C1-79E91DC1B28B}
	EndGlobalSection
EndGlobal
